// !$*UTF8*$!
{
	archiveVersion = 1;
	classes = {
	};
	objectVersion = 52;
	objects = {

/* Begin PBXBuildFile section */
		940FEBC925793B690042A1FC /* ArticleCell.swift in Sources */ = {isa = PBXBuildFile; fileRef = 940FEBC825793B690042A1FC /* ArticleCell.swift */; };
		943B6EE1233D56EC0039A404 /* AppDelegate.swift in Sources */ = {isa = PBXBuildFile; fileRef = 943B6EE0233D56EC0039A404 /* AppDelegate.swift */; };
		943B6EE6233D56EC0039A404 /* Main.storyboard in Resources */ = {isa = PBXBuildFile; fileRef = 943B6EE4233D56EC0039A404 /* Main.storyboard */; };
		943B6EE8233D56ED0039A404 /* Assets.xcassets in Resources */ = {isa = PBXBuildFile; fileRef = 943B6EE7233D56ED0039A404 /* Assets.xcassets */; };
		943B6EEB233D56ED0039A404 /* LaunchScreen.storyboard in Resources */ = {isa = PBXBuildFile; fileRef = 943B6EE9233D56ED0039A404 /* LaunchScreen.storyboard */; };
		943B6EF3233D57CB0039A404 /* ContainerViewController.swift in Sources */ = {isa = PBXBuildFile; fileRef = 943B6EF2233D57CB0039A404 /* ContainerViewController.swift */; };
		943B6EF5233D59960039A404 /* SidePanelViewController.swift in Sources */ = {isa = PBXBuildFile; fileRef = 943B6EF4233D59960039A404 /* SidePanelViewController.swift */; };
		943B6EF7233D5C700039A404 /* MainViewController.swift in Sources */ = {isa = PBXBuildFile; fileRef = 943B6EF6233D5C700039A404 /* MainViewController.swift */; };
		943E25EB2340D0390041B7C7 /* ControlPanel.swift in Sources */ = {isa = PBXBuildFile; fileRef = 943E25EA2340D0390041B7C7 /* ControlPanel.swift */; };
		9457A82F23476E500093FA30 /* UIView, UIColor Extension.swift in Sources */ = {isa = PBXBuildFile; fileRef = 9457A82E23476E500093FA30 /* UIView, UIColor Extension.swift */; };
		9477A088233EADF900BC7166 /* UIStoryBoard Extension.swift in Sources */ = {isa = PBXBuildFile; fileRef = 9477A087233EADF900BC7166 /* UIStoryBoard Extension.swift */; };
		94783DAF257A3E0A00940CC9 /* WebViewVC.swift in Sources */ = {isa = PBXBuildFile; fileRef = 94783DAE257A3E0A00940CC9 /* WebViewVC.swift */; };
		94783DCD257A998000940CC9 /* OneSignal in Frameworks */ = {isa = PBXBuildFile; productRef = 94783DCC257A998000940CC9 /* OneSignal */; };
		94783DFC257AA76F00940CC9 /* NotificationService.swift in Sources */ = {isa = PBXBuildFile; fileRef = 94783DFB257AA76F00940CC9 /* NotificationService.swift */; };
		94783E00257AA76F00940CC9 /* OneSignalNotificationServiceExtension.appex in Embed App Extensions */ = {isa = PBXBuildFile; fileRef = 94783DF9257AA76F00940CC9 /* OneSignalNotificationServiceExtension.appex */; settings = {ATTRIBUTES = (RemoveHeadersOnCopy, ); }; };
		94783E09257AA7CD00940CC9 /* OneSignal in Frameworks */ = {isa = PBXBuildFile; productRef = 94783E08257AA7CD00940CC9 /* OneSignal */; };
		947858212577BEB700C7CEF8 /* SwiftyParser.swift in Sources */ = {isa = PBXBuildFile; fileRef = 947858202577BEB700C7CEF8 /* SwiftyParser.swift */; };
		947858252577C0CC00C7CEF8 /* Article.swift in Sources */ = {isa = PBXBuildFile; fileRef = 947858242577C0CC00C7CEF8 /* Article.swift */; };
		947858282577C34100C7CEF8 /* MainViewController + network.swift in Sources */ = {isa = PBXBuildFile; fileRef = 947858272577C34100C7CEF8 /* MainViewController + network.swift */; };
		9478582B2577C4A100C7CEF8 /* URLSession + REsult.swift in Sources */ = {isa = PBXBuildFile; fileRef = 9478582A2577C4A100C7CEF8 /* URLSession + REsult.swift */; };
		947858302579331100C7CEF8 /* UIImageView + cache.swift in Sources */ = {isa = PBXBuildFile; fileRef = 9478582F2579331100C7CEF8 /* UIImageView + cache.swift */; };
		94785833257934EE00C7CEF8 /* Networking.swift in Sources */ = {isa = PBXBuildFile; fileRef = 94785832257934EE00C7CEF8 /* Networking.swift */; };
		948113A9234BCF8E00B0F91C /* ReviewRequest.swift in Sources */ = {isa = PBXBuildFile; fileRef = 948113A8234BCF8E00B0F91C /* ReviewRequest.swift */; };
		94A9FE662340A49100BAAE4A /* MenuItem.swift in Sources */ = {isa = PBXBuildFile; fileRef = 94A9FE652340A49100BAAE4A /* MenuItem.swift */; };
/* End PBXBuildFile section */

/* Begin PBXContainerItemProxy section */
		94783DFE257AA76F00940CC9 /* PBXContainerItemProxy */ = {
			isa = PBXContainerItemProxy;
			containerPortal = 943B6ED5233D56EC0039A404 /* Project object */;
			proxyType = 1;
			remoteGlobalIDString = 94783DF8257AA76F00940CC9;
			remoteInfo = OneSignalNotificationServiceExtension;
		};
/* End PBXContainerItemProxy section */

/* Begin PBXCopyFilesBuildPhase section */
		94783DC6257A97D500940CC9 /* Embed App Extensions */ = {
			isa = PBXCopyFilesBuildPhase;
			buildActionMask = 2147483647;
			dstPath = "";
			dstSubfolderSpec = 13;
			files = (
				94783E00257AA76F00940CC9 /* OneSignalNotificationServiceExtension.appex in Embed App Extensions */,
			);
			name = "Embed App Extensions";
			runOnlyForDeploymentPostprocessing = 0;
		};
/* End PBXCopyFilesBuildPhase section */

/* Begin PBXFileReference section */
		940FEBC825793B690042A1FC /* ArticleCell.swift */ = {isa = PBXFileReference; lastKnownFileType = sourcecode.swift; path = ArticleCell.swift; sourceTree = "<group>"; };
		9432B521233D721C00E70B01 /* WebKit.framework */ = {isa = PBXFileReference; lastKnownFileType = wrapper.framework; name = WebKit.framework; path = System/Library/Frameworks/WebKit.framework; sourceTree = SDKROOT; };
		943B6EDD233D56EC0039A404 /* Extrip News.app */ = {isa = PBXFileReference; explicitFileType = wrapper.application; includeInIndex = 0; path = "Extrip News.app"; sourceTree = BUILT_PRODUCTS_DIR; };
		943B6EE0233D56EC0039A404 /* AppDelegate.swift */ = {isa = PBXFileReference; lastKnownFileType = sourcecode.swift; path = AppDelegate.swift; sourceTree = "<group>"; };
		943B6EE5233D56EC0039A404 /* Base */ = {isa = PBXFileReference; lastKnownFileType = file.storyboard; name = Base; path = Base.lproj/Main.storyboard; sourceTree = "<group>"; };
		943B6EE7233D56ED0039A404 /* Assets.xcassets */ = {isa = PBXFileReference; lastKnownFileType = folder.assetcatalog; path = Assets.xcassets; sourceTree = "<group>"; };
		943B6EEA233D56ED0039A404 /* Base */ = {isa = PBXFileReference; lastKnownFileType = file.storyboard; name = Base; path = Base.lproj/LaunchScreen.storyboard; sourceTree = "<group>"; };
		943B6EEC233D56ED0039A404 /* Info.plist */ = {isa = PBXFileReference; lastKnownFileType = text.plist.xml; path = Info.plist; sourceTree = "<group>"; };
		943B6EF2233D57CB0039A404 /* ContainerViewController.swift */ = {isa = PBXFileReference; lastKnownFileType = sourcecode.swift; path = ContainerViewController.swift; sourceTree = "<group>"; };
		943B6EF4233D59960039A404 /* SidePanelViewController.swift */ = {isa = PBXFileReference; lastKnownFileType = sourcecode.swift; path = SidePanelViewController.swift; sourceTree = "<group>"; };
		943B6EF6233D5C700039A404 /* MainViewController.swift */ = {isa = PBXFileReference; lastKnownFileType = sourcecode.swift; path = MainViewController.swift; sourceTree = "<group>"; };
		943E25EA2340D0390041B7C7 /* ControlPanel.swift */ = {isa = PBXFileReference; lastKnownFileType = sourcecode.swift; path = ControlPanel.swift; sourceTree = "<group>"; };
		9457A82E23476E500093FA30 /* UIView, UIColor Extension.swift */ = {isa = PBXFileReference; lastKnownFileType = sourcecode.swift; path = "UIView, UIColor Extension.swift"; sourceTree = "<group>"; };
		9477A087233EADF900BC7166 /* UIStoryBoard Extension.swift */ = {isa = PBXFileReference; lastKnownFileType = sourcecode.swift; path = "UIStoryBoard Extension.swift"; sourceTree = "<group>"; };
		94783DAE257A3E0A00940CC9 /* WebViewVC.swift */ = {isa = PBXFileReference; lastKnownFileType = sourcecode.swift; path = WebViewVC.swift; sourceTree = "<group>"; };
		94783DD0257A9A3400940CC9 /* Extrip News.entitlements */ = {isa = PBXFileReference; lastKnownFileType = text.plist.entitlements; path = "Extrip News.entitlements"; sourceTree = "<group>"; };
		94783DF9257AA76F00940CC9 /* OneSignalNotificationServiceExtension.appex */ = {isa = PBXFileReference; explicitFileType = "wrapper.app-extension"; includeInIndex = 0; path = OneSignalNotificationServiceExtension.appex; sourceTree = BUILT_PRODUCTS_DIR; };
		94783DFB257AA76F00940CC9 /* NotificationService.swift */ = {isa = PBXFileReference; lastKnownFileType = sourcecode.swift; path = NotificationService.swift; sourceTree = "<group>"; };
		94783DFD257AA76F00940CC9 /* Info.plist */ = {isa = PBXFileReference; lastKnownFileType = text.plist.xml; path = Info.plist; sourceTree = "<group>"; };
		94783E0A257AA7EF00940CC9 /* OneSignalNotificationServiceExtension.entitlements */ = {isa = PBXFileReference; lastKnownFileType = text.plist.entitlements; path = OneSignalNotificationServiceExtension.entitlements; sourceTree = "<group>"; };
		947858202577BEB700C7CEF8 /* SwiftyParser.swift */ = {isa = PBXFileReference; lastKnownFileType = sourcecode.swift; path = SwiftyParser.swift; sourceTree = "<group>"; };
		947858242577C0CC00C7CEF8 /* Article.swift */ = {isa = PBXFileReference; lastKnownFileType = sourcecode.swift; path = Article.swift; sourceTree = "<group>"; };
		947858272577C34100C7CEF8 /* MainViewController + network.swift */ = {isa = PBXFileReference; lastKnownFileType = sourcecode.swift; path = "MainViewController + network.swift"; sourceTree = "<group>"; };
		9478582A2577C4A100C7CEF8 /* URLSession + REsult.swift */ = {isa = PBXFileReference; lastKnownFileType = sourcecode.swift; path = "URLSession + REsult.swift"; sourceTree = "<group>"; };
		9478582F2579331100C7CEF8 /* UIImageView + cache.swift */ = {isa = PBXFileReference; lastKnownFileType = sourcecode.swift; path = "UIImageView + cache.swift"; sourceTree = "<group>"; };
		94785832257934EE00C7CEF8 /* Networking.swift */ = {isa = PBXFileReference; lastKnownFileType = sourcecode.swift; path = Networking.swift; sourceTree = "<group>"; };
		948113A8234BCF8E00B0F91C /* ReviewRequest.swift */ = {isa = PBXFileReference; lastKnownFileType = sourcecode.swift; path = ReviewRequest.swift; sourceTree = "<group>"; };
		94A9FE652340A49100BAAE4A /* MenuItem.swift */ = {isa = PBXFileReference; lastKnownFileType = sourcecode.swift; path = MenuItem.swift; sourceTree = "<group>"; };
/* End PBXFileReference section */

/* Begin PBXFrameworksBuildPhase section */
		943B6EDA233D56EC0039A404 /* Frameworks */ = {
			isa = PBXFrameworksBuildPhase;
			buildActionMask = 2147483647;
			files = (
				94783DCD257A998000940CC9 /* OneSignal in Frameworks */,
			);
			runOnlyForDeploymentPostprocessing = 0;
		};
		94783DF6257AA76F00940CC9 /* Frameworks */ = {
			isa = PBXFrameworksBuildPhase;
			buildActionMask = 2147483647;
			files = (
				94783E09257AA7CD00940CC9 /* OneSignal in Frameworks */,
			);
			runOnlyForDeploymentPostprocessing = 0;
		};
/* End PBXFrameworksBuildPhase section */

/* Begin PBXGroup section */
		940FEBC725793B530042A1FC /* View */ = {
			isa = PBXGroup;
			children = (
				940FEBC825793B690042A1FC /* ArticleCell.swift */,
			);
			path = View;
			sourceTree = "<group>";
		};
		9432B520233D721C00E70B01 /* Frameworks */ = {
			isa = PBXGroup;
			children = (
				9432B521233D721C00E70B01 /* WebKit.framework */,
			);
			name = Frameworks;
			sourceTree = "<group>";
		};
		943B6ED4233D56EC0039A404 = {
			isa = PBXGroup;
			children = (
				943B6EDF233D56EC0039A404 /* Extrip News */,
				94783DFA257AA76F00940CC9 /* OneSignalNotificationServiceExtension */,
				943B6EDE233D56EC0039A404 /* Products */,
				9432B520233D721C00E70B01 /* Frameworks */,
			);
			sourceTree = "<group>";
		};
		943B6EDE233D56EC0039A404 /* Products */ = {
			isa = PBXGroup;
			children = (
				943B6EDD233D56EC0039A404 /* Extrip News.app */,
				94783DF9257AA76F00940CC9 /* OneSignalNotificationServiceExtension.appex */,
			);
			name = Products;
			sourceTree = "<group>";
		};
		943B6EDF233D56EC0039A404 /* Extrip News */ = {
			isa = PBXGroup;
			children = (
				94783DD0257A9A3400940CC9 /* Extrip News.entitlements */,
				943E25EA2340D0390041B7C7 /* ControlPanel.swift */,
				94D604E1257073E6000F27C9 /* RSS */,
				9468726D2355A97A004B3EB9 /* StartUp */,
				9468726A2355A8FC004B3EB9 /* Extensions */,
				946872682355A8DE004B3EB9 /* ReviewRequest */,
				9468726C2355A960004B3EB9 /* SideMenu */,
				940FEBC725793B530042A1FC /* View */,
				946872662355A875004B3EB9 /* ViewControllers */,
				943B6EE4233D56EC0039A404 /* Main.storyboard */,
				9468726B2355A93C004B3EB9 /* Supporting Files */,
			);
			path = "Extrip News";
			sourceTree = "<group>";
		};
		946872662355A875004B3EB9 /* ViewControllers */ = {
			isa = PBXGroup;
			children = (
				943B6EF2233D57CB0039A404 /* ContainerViewController.swift */,
				943B6EF6233D5C700039A404 /* MainViewController.swift */,
				947858272577C34100C7CEF8 /* MainViewController + network.swift */,
				943B6EF4233D59960039A404 /* SidePanelViewController.swift */,
				94783DAE257A3E0A00940CC9 /* WebViewVC.swift */,
			);
			path = ViewControllers;
			sourceTree = "<group>";
		};
		946872682355A8DE004B3EB9 /* ReviewRequest */ = {
			isa = PBXGroup;
			children = (
				948113A8234BCF8E00B0F91C /* ReviewRequest.swift */,
			);
			path = ReviewRequest;
			sourceTree = "<group>";
		};
		9468726A2355A8FC004B3EB9 /* Extensions */ = {
			isa = PBXGroup;
			children = (
				9477A087233EADF900BC7166 /* UIStoryBoard Extension.swift */,
				9478582F2579331100C7CEF8 /* UIImageView + cache.swift */,
				94785832257934EE00C7CEF8 /* Networking.swift */,
				9457A82E23476E500093FA30 /* UIView, UIColor Extension.swift */,
				9478582A2577C4A100C7CEF8 /* URLSession + REsult.swift */,
			);
			path = Extensions;
			sourceTree = "<group>";
		};
		9468726B2355A93C004B3EB9 /* Supporting Files */ = {
			isa = PBXGroup;
			children = (
				943B6EEC233D56ED0039A404 /* Info.plist */,
				943B6EE9233D56ED0039A404 /* LaunchScreen.storyboard */,
				943B6EE7233D56ED0039A404 /* Assets.xcassets */,
			);
			name = "Supporting Files";
			sourceTree = "<group>";
		};
		9468726C2355A960004B3EB9 /* SideMenu */ = {
			isa = PBXGroup;
			children = (
				94A9FE652340A49100BAAE4A /* MenuItem.swift */,
			);
			path = SideMenu;
			sourceTree = "<group>";
		};
		9468726D2355A97A004B3EB9 /* StartUp */ = {
			isa = PBXGroup;
			children = (
				943B6EE0233D56EC0039A404 /* AppDelegate.swift */,
			);
			path = StartUp;
			sourceTree = "<group>";
		};
		94783DFA257AA76F00940CC9 /* OneSignalNotificationServiceExtension */ = {
			isa = PBXGroup;
			children = (
				94783E0A257AA7EF00940CC9 /* OneSignalNotificationServiceExtension.entitlements */,
				94783DFB257AA76F00940CC9 /* NotificationService.swift */,
				94783DFD257AA76F00940CC9 /* Info.plist */,
			);
			path = OneSignalNotificationServiceExtension;
			sourceTree = "<group>";
		};
		94D604E1257073E6000F27C9 /* RSS */ = {
			isa = PBXGroup;
			children = (
				947858202577BEB700C7CEF8 /* SwiftyParser.swift */,
				947858242577C0CC00C7CEF8 /* Article.swift */,
			);
			path = RSS;
			sourceTree = "<group>";
		};
/* End PBXGroup section */

/* Begin PBXNativeTarget section */
		943B6EDC233D56EC0039A404 /* Extrip News */ = {
			isa = PBXNativeTarget;
			buildConfigurationList = 943B6EEF233D56ED0039A404 /* Build configuration list for PBXNativeTarget "Extrip News" */;
			buildPhases = (
				943B6ED9233D56EC0039A404 /* Sources */,
				943B6EDA233D56EC0039A404 /* Frameworks */,
				943B6EDB233D56EC0039A404 /* Resources */,
				94783DC6257A97D500940CC9 /* Embed App Extensions */,
			);
			buildRules = (
			);
			dependencies = (
				94783DFF257AA76F00940CC9 /* PBXTargetDependency */,
			);
			name = "Extrip News";
			packageProductDependencies = (
				94783DCC257A998000940CC9 /* OneSignal */,
			);
			productName = TemplateForWebViewBasedApps;
			productReference = 943B6EDD233D56EC0039A404 /* Extrip News.app */;
			productType = "com.apple.product-type.application";
		};
		94783DF8257AA76F00940CC9 /* OneSignalNotificationServiceExtension */ = {
			isa = PBXNativeTarget;
			buildConfigurationList = 94783E01257AA76F00940CC9 /* Build configuration list for PBXNativeTarget "OneSignalNotificationServiceExtension" */;
			buildPhases = (
				94783DF5257AA76F00940CC9 /* Sources */,
				94783DF6257AA76F00940CC9 /* Frameworks */,
				94783DF7257AA76F00940CC9 /* Resources */,
			);
			buildRules = (
			);
			dependencies = (
			);
			name = OneSignalNotificationServiceExtension;
			packageProductDependencies = (
				94783E08257AA7CD00940CC9 /* OneSignal */,
			);
			productName = OneSignalNotificationServiceExtension;
			productReference = 94783DF9257AA76F00940CC9 /* OneSignalNotificationServiceExtension.appex */;
			productType = "com.apple.product-type.app-extension";
		};
/* End PBXNativeTarget section */

/* Begin PBXProject section */
		943B6ED5233D56EC0039A404 /* Project object */ = {
			isa = PBXProject;
			attributes = {
				LastSwiftUpdateCheck = 1220;
				LastUpgradeCheck = 1030;
				ORGANIZATIONNAME = "Ekstrip, OOO";
				TargetAttributes = {
					943B6EDC233D56EC0039A404 = {
						CreatedOnToolsVersion = 10.3;
					};
					94783DF8257AA76F00940CC9 = {
						CreatedOnToolsVersion = 12.2;
					};
				};
			};
			buildConfigurationList = 943B6ED8233D56EC0039A404 /* Build configuration list for PBXProject "Extrip News" */;
			compatibilityVersion = "Xcode 9.3";
			developmentRegion = en;
			hasScannedForEncodings = 0;
			knownRegions = (
				en,
				Base,
				ru,
			);
			mainGroup = 943B6ED4233D56EC0039A404;
			packageReferences = (
				94783DCB257A998000940CC9 /* XCRemoteSwiftPackageReference "OneSignal-iOS-SDK" */,
			);
			productRefGroup = 943B6EDE233D56EC0039A404 /* Products */;
			projectDirPath = "";
			projectRoot = "";
			targets = (
				943B6EDC233D56EC0039A404 /* Extrip News */,
				94783DF8257AA76F00940CC9 /* OneSignalNotificationServiceExtension */,
			);
		};
/* End PBXProject section */

/* Begin PBXResourcesBuildPhase section */
		943B6EDB233D56EC0039A404 /* Resources */ = {
			isa = PBXResourcesBuildPhase;
			buildActionMask = 2147483647;
			files = (
				943B6EEB233D56ED0039A404 /* LaunchScreen.storyboard in Resources */,
				943B6EE8233D56ED0039A404 /* Assets.xcassets in Resources */,
				943B6EE6233D56EC0039A404 /* Main.storyboard in Resources */,
			);
			runOnlyForDeploymentPostprocessing = 0;
		};
		94783DF7257AA76F00940CC9 /* Resources */ = {
			isa = PBXResourcesBuildPhase;
			buildActionMask = 2147483647;
			files = (
			);
			runOnlyForDeploymentPostprocessing = 0;
		};
/* End PBXResourcesBuildPhase section */

/* Begin PBXSourcesBuildPhase section */
		943B6ED9233D56EC0039A404 /* Sources */ = {
			isa = PBXSourcesBuildPhase;
			buildActionMask = 2147483647;
			files = (
				940FEBC925793B690042A1FC /* ArticleCell.swift in Sources */,
				9478582B2577C4A100C7CEF8 /* URLSession + REsult.swift in Sources */,
				947858252577C0CC00C7CEF8 /* Article.swift in Sources */,
				943B6EF5233D59960039A404 /* SidePanelViewController.swift in Sources */,
				947858302579331100C7CEF8 /* UIImageView + cache.swift in Sources */,
				947858282577C34100C7CEF8 /* MainViewController + network.swift in Sources */,
				9457A82F23476E500093FA30 /* UIView, UIColor Extension.swift in Sources */,
				94785833257934EE00C7CEF8 /* Networking.swift in Sources */,
				94783DAF257A3E0A00940CC9 /* WebViewVC.swift in Sources */,
				943B6EE1233D56EC0039A404 /* AppDelegate.swift in Sources */,
				943E25EB2340D0390041B7C7 /* ControlPanel.swift in Sources */,
				947858212577BEB700C7CEF8 /* SwiftyParser.swift in Sources */,
				9477A088233EADF900BC7166 /* UIStoryBoard Extension.swift in Sources */,
				948113A9234BCF8E00B0F91C /* ReviewRequest.swift in Sources */,
				943B6EF3233D57CB0039A404 /* ContainerViewController.swift in Sources */,
				943B6EF7233D5C700039A404 /* MainViewController.swift in Sources */,
				94A9FE662340A49100BAAE4A /* MenuItem.swift in Sources */,
			);
			runOnlyForDeploymentPostprocessing = 0;
		};
		94783DF5257AA76F00940CC9 /* Sources */ = {
			isa = PBXSourcesBuildPhase;
			buildActionMask = 2147483647;
			files = (
				94783DFC257AA76F00940CC9 /* NotificationService.swift in Sources */,
			);
			runOnlyForDeploymentPostprocessing = 0;
		};
/* End PBXSourcesBuildPhase section */

/* Begin PBXTargetDependency section */
		94783DFF257AA76F00940CC9 /* PBXTargetDependency */ = {
			isa = PBXTargetDependency;
			target = 94783DF8257AA76F00940CC9 /* OneSignalNotificationServiceExtension */;
			targetProxy = 94783DFE257AA76F00940CC9 /* PBXContainerItemProxy */;
		};
/* End PBXTargetDependency section */

/* Begin PBXVariantGroup section */
		943B6EE4233D56EC0039A404 /* Main.storyboard */ = {
			isa = PBXVariantGroup;
			children = (
				943B6EE5233D56EC0039A404 /* Base */,
			);
			name = Main.storyboard;
			sourceTree = "<group>";
		};
		943B6EE9233D56ED0039A404 /* LaunchScreen.storyboard */ = {
			isa = PBXVariantGroup;
			children = (
				943B6EEA233D56ED0039A404 /* Base */,
			);
			name = LaunchScreen.storyboard;
			sourceTree = "<group>";
		};
/* End PBXVariantGroup section */

/* Begin XCBuildConfiguration section */
		943B6EED233D56ED0039A404 /* Debug */ = {
			isa = XCBuildConfiguration;
			buildSettings = {
				ALWAYS_SEARCH_USER_PATHS = NO;
				CLANG_ANALYZER_LOCALIZABILITY_NONLOCALIZED = YES;
				CLANG_ANALYZER_NONNULL = YES;
				CLANG_ANALYZER_NUMBER_OBJECT_CONVERSION = YES_AGGRESSIVE;
				CLANG_CXX_LANGUAGE_STANDARD = "gnu++14";
				CLANG_CXX_LIBRARY = "libc++";
				CLANG_ENABLE_MODULES = YES;
				CLANG_ENABLE_OBJC_ARC = YES;
				CLANG_ENABLE_OBJC_WEAK = YES;
				CLANG_WARN_BLOCK_CAPTURE_AUTORELEASING = YES;
				CLANG_WARN_BOOL_CONVERSION = YES;
				CLANG_WARN_COMMA = YES;
				CLANG_WARN_CONSTANT_CONVERSION = YES;
				CLANG_WARN_DEPRECATED_OBJC_IMPLEMENTATIONS = YES;
				CLANG_WARN_DIRECT_OBJC_ISA_USAGE = YES_ERROR;
				CLANG_WARN_DOCUMENTATION_COMMENTS = YES;
				CLANG_WARN_EMPTY_BODY = YES;
				CLANG_WARN_ENUM_CONVERSION = YES;
				CLANG_WARN_INFINITE_RECURSION = YES;
				CLANG_WARN_INT_CONVERSION = YES;
				CLANG_WARN_NON_LITERAL_NULL_CONVERSION = YES;
				CLANG_WARN_OBJC_IMPLICIT_RETAIN_SELF = YES;
				CLANG_WARN_OBJC_LITERAL_CONVERSION = YES;
				CLANG_WARN_OBJC_ROOT_CLASS = YES_ERROR;
				CLANG_WARN_RANGE_LOOP_ANALYSIS = YES;
				CLANG_WARN_STRICT_PROTOTYPES = YES;
				CLANG_WARN_SUSPICIOUS_MOVE = YES;
				CLANG_WARN_UNGUARDED_AVAILABILITY = YES_AGGRESSIVE;
				CLANG_WARN_UNREACHABLE_CODE = YES;
				CLANG_WARN__DUPLICATE_METHOD_MATCH = YES;
				CODE_SIGN_IDENTITY = "iPhone Developer";
				COPY_PHASE_STRIP = NO;
				DEBUG_INFORMATION_FORMAT = dwarf;
				ENABLE_STRICT_OBJC_MSGSEND = YES;
				ENABLE_TESTABILITY = YES;
				GCC_C_LANGUAGE_STANDARD = gnu11;
				GCC_DYNAMIC_NO_PIC = NO;
				GCC_NO_COMMON_BLOCKS = YES;
				GCC_OPTIMIZATION_LEVEL = 0;
				GCC_PREPROCESSOR_DEFINITIONS = (
					"DEBUG=1",
					"$(inherited)",
				);
				GCC_WARN_64_TO_32_BIT_CONVERSION = YES;
				GCC_WARN_ABOUT_RETURN_TYPE = YES_ERROR;
				GCC_WARN_UNDECLARED_SELECTOR = YES;
				GCC_WARN_UNINITIALIZED_AUTOS = YES_AGGRESSIVE;
				GCC_WARN_UNUSED_FUNCTION = YES;
				GCC_WARN_UNUSED_VARIABLE = YES;
				IPHONEOS_DEPLOYMENT_TARGET = 13.0;
				MTL_ENABLE_DEBUG_INFO = INCLUDE_SOURCE;
				MTL_FAST_MATH = YES;
				ONLY_ACTIVE_ARCH = YES;
				SDKROOT = iphoneos;
				SWIFT_ACTIVE_COMPILATION_CONDITIONS = DEBUG;
				SWIFT_OPTIMIZATION_LEVEL = "-Onone";
			};
			name = Debug;
		};
		943B6EEE233D56ED0039A404 /* Release */ = {
			isa = XCBuildConfiguration;
			buildSettings = {
				ALWAYS_SEARCH_USER_PATHS = NO;
				CLANG_ANALYZER_LOCALIZABILITY_NONLOCALIZED = YES;
				CLANG_ANALYZER_NONNULL = YES;
				CLANG_ANALYZER_NUMBER_OBJECT_CONVERSION = YES_AGGRESSIVE;
				CLANG_CXX_LANGUAGE_STANDARD = "gnu++14";
				CLANG_CXX_LIBRARY = "libc++";
				CLANG_ENABLE_MODULES = YES;
				CLANG_ENABLE_OBJC_ARC = YES;
				CLANG_ENABLE_OBJC_WEAK = YES;
				CLANG_WARN_BLOCK_CAPTURE_AUTORELEASING = YES;
				CLANG_WARN_BOOL_CONVERSION = YES;
				CLANG_WARN_COMMA = YES;
				CLANG_WARN_CONSTANT_CONVERSION = YES;
				CLANG_WARN_DEPRECATED_OBJC_IMPLEMENTATIONS = YES;
				CLANG_WARN_DIRECT_OBJC_ISA_USAGE = YES_ERROR;
				CLANG_WARN_DOCUMENTATION_COMMENTS = YES;
				CLANG_WARN_EMPTY_BODY = YES;
				CLANG_WARN_ENUM_CONVERSION = YES;
				CLANG_WARN_INFINITE_RECURSION = YES;
				CLANG_WARN_INT_CONVERSION = YES;
				CLANG_WARN_NON_LITERAL_NULL_CONVERSION = YES;
				CLANG_WARN_OBJC_IMPLICIT_RETAIN_SELF = YES;
				CLANG_WARN_OBJC_LITERAL_CONVERSION = YES;
				CLANG_WARN_OBJC_ROOT_CLASS = YES_ERROR;
				CLANG_WARN_RANGE_LOOP_ANALYSIS = YES;
				CLANG_WARN_STRICT_PROTOTYPES = YES;
				CLANG_WARN_SUSPICIOUS_MOVE = YES;
				CLANG_WARN_UNGUARDED_AVAILABILITY = YES_AGGRESSIVE;
				CLANG_WARN_UNREACHABLE_CODE = YES;
				CLANG_WARN__DUPLICATE_METHOD_MATCH = YES;
				CODE_SIGN_IDENTITY = "iPhone Developer";
				COPY_PHASE_STRIP = NO;
				DEBUG_INFORMATION_FORMAT = "dwarf-with-dsym";
				ENABLE_NS_ASSERTIONS = NO;
				ENABLE_STRICT_OBJC_MSGSEND = YES;
				GCC_C_LANGUAGE_STANDARD = gnu11;
				GCC_NO_COMMON_BLOCKS = YES;
				GCC_WARN_64_TO_32_BIT_CONVERSION = YES;
				GCC_WARN_ABOUT_RETURN_TYPE = YES_ERROR;
				GCC_WARN_UNDECLARED_SELECTOR = YES;
				GCC_WARN_UNINITIALIZED_AUTOS = YES_AGGRESSIVE;
				GCC_WARN_UNUSED_FUNCTION = YES;
				GCC_WARN_UNUSED_VARIABLE = YES;
				IPHONEOS_DEPLOYMENT_TARGET = 13.0;
				MTL_ENABLE_DEBUG_INFO = NO;
				MTL_FAST_MATH = YES;
				SDKROOT = iphoneos;
				SWIFT_COMPILATION_MODE = wholemodule;
				SWIFT_OPTIMIZATION_LEVEL = "-O";
				VALIDATE_PRODUCT = YES;
			};
			name = Release;
		};
		943B6EF0233D56ED0039A404 /* Debug */ = {
			isa = XCBuildConfiguration;
			buildSettings = {
				ALWAYS_EMBED_SWIFT_STANDARD_LIBRARIES = YES;
				ASSETCATALOG_COMPILER_APPICON_NAME = AppIcon;
				CODE_SIGN_ENTITLEMENTS = "Extrip News/Extrip News.entitlements";
				CODE_SIGN_STYLE = Automatic;
				CURRENT_PROJECT_VERSION = 1;
				DEVELOPMENT_TEAM = 244XQ923XC;
				INFOPLIST_FILE = "$(SRCROOT)/Extrip News/Info.plist";
				IPHONEOS_DEPLOYMENT_TARGET = 11.3;
				LD_RUNPATH_SEARCH_PATHS = (
					"$(inherited)",
					"@executable_path/Frameworks",
				);
				MARKETING_VERSION = 5;
				PRODUCT_BUNDLE_IDENTIFIER = Extrip.News.En;
				PRODUCT_NAME = "$(TARGET_NAME)";
				SUPPORTS_MACCATALYST = NO;
				SWIFT_VERSION = 5.0;
				TARGETED_DEVICE_FAMILY = "1,2";
			};
			name = Debug;
		};
		943B6EF1233D56ED0039A404 /* Release */ = {
			isa = XCBuildConfiguration;
			buildSettings = {
				ALWAYS_EMBED_SWIFT_STANDARD_LIBRARIES = YES;
				ASSETCATALOG_COMPILER_APPICON_NAME = AppIcon;
				CODE_SIGN_ENTITLEMENTS = "Extrip News/Extrip News.entitlements";
				CODE_SIGN_STYLE = Automatic;
				CURRENT_PROJECT_VERSION = 1;
				DEVELOPMENT_TEAM = 244XQ923XC;
				INFOPLIST_FILE = "$(SRCROOT)/Extrip News/Info.plist";
				IPHONEOS_DEPLOYMENT_TARGET = 11.3;
				LD_RUNPATH_SEARCH_PATHS = (
					"$(inherited)",
					"@executable_path/Frameworks",
				);
				MARKETING_VERSION = 5;
				PRODUCT_BUNDLE_IDENTIFIER = Extrip.News.En;
				PRODUCT_NAME = "$(TARGET_NAME)";
				SUPPORTS_MACCATALYST = NO;
				SWIFT_VERSION = 5.0;
				TARGETED_DEVICE_FAMILY = "1,2";
			};
			name = Release;
		};
		94783E02257AA76F00940CC9 /* Debug */ = {
			isa = XCBuildConfiguration;
			buildSettings = {
				CLANG_WARN_QUOTED_INCLUDE_IN_FRAMEWORK_HEADER = YES;
				CODE_SIGN_ENTITLEMENTS = OneSignalNotificationServiceExtension/OneSignalNotificationServiceExtension.entitlements;
				CODE_SIGN_STYLE = Automatic;
				DEVELOPMENT_TEAM = 244XQ923XC;
				INFOPLIST_FILE = OneSignalNotificationServiceExtension/Info.plist;
				IPHONEOS_DEPLOYMENT_TARGET = 10.0;
				LD_RUNPATH_SEARCH_PATHS = (
					"$(inherited)",
					"@executable_path/Frameworks",
					"@executable_path/../../Frameworks",
				);
				PRODUCT_BUNDLE_IDENTIFIER = Extrip.News.En.OneSignalNotificationServiceExtension;
				PRODUCT_NAME = "$(TARGET_NAME)";
				SKIP_INSTALL = YES;
				SWIFT_VERSION = 5.0;
				TARGETED_DEVICE_FAMILY = "1,2";
			};
			name = Debug;
		};
		94783E03257AA76F00940CC9 /* Release */ = {
			isa = XCBuildConfiguration;
			buildSettings = {
				CLANG_WARN_QUOTED_INCLUDE_IN_FRAMEWORK_HEADER = YES;
				CODE_SIGN_ENTITLEMENTS = OneSignalNotificationServiceExtension/OneSignalNotificationServiceExtension.entitlements;
				CODE_SIGN_STYLE = Automatic;
				DEVELOPMENT_TEAM = 244XQ923XC;
				INFOPLIST_FILE = OneSignalNotificationServiceExtension/Info.plist;
				IPHONEOS_DEPLOYMENT_TARGET = 10.0;
				LD_RUNPATH_SEARCH_PATHS = (
					"$(inherited)",
					"@executable_path/Frameworks",
					"@executable_path/../../Frameworks",
				);
				PRODUCT_BUNDLE_IDENTIFIER = Extrip.News.En.OneSignalNotificationServiceExtension;
				PRODUCT_NAME = "$(TARGET_NAME)";
				SKIP_INSTALL = YES;
				SWIFT_VERSION = 5.0;
				TARGETED_DEVICE_FAMILY = "1,2";
			};
			name = Release;
		};
/* End XCBuildConfiguration section */

/* Begin XCConfigurationList section */
		943B6ED8233D56EC0039A404 /* Build configuration list for PBXProject "Extrip News" */ = {
			isa = XCConfigurationList;
			buildConfigurations = (
				943B6EED233D56ED0039A404 /* Debug */,
				943B6EEE233D56ED0039A404 /* Release */,
			);
			defaultConfigurationIsVisible = 0;
			defaultConfigurationName = Release;
		};
		943B6EEF233D56ED0039A404 /* Build configuration list for PBXNativeTarget "Extrip News" */ = {
			isa = XCConfigurationList;
			buildConfigurations = (
				943B6EF0233D56ED0039A404 /* Debug */,
				943B6EF1233D56ED0039A404 /* Release */,
			);
			defaultConfigurationIsVisible = 0;
			defaultConfigurationName = Release;
		};
		94783E01257AA76F00940CC9 /* Build configuration list for PBXNativeTarget "OneSignalNotificationServiceExtension" */ = {
			isa = XCConfigurationList;
			buildConfigurations = (
				94783E02257AA76F00940CC9 /* Debug */,
				94783E03257AA76F00940CC9 /* Release */,
			);
			defaultConfigurationIsVisible = 0;
			defaultConfigurationName = Release;
		};
/* End XCConfigurationList section */

/* Begin XCRemoteSwiftPackageReference section */
		94783DCB257A998000940CC9 /* XCRemoteSwiftPackageReference "OneSignal-iOS-SDK" */ = {
			isa = XCRemoteSwiftPackageReference;
			repositoryURL = "https://github.com/OneSignal/OneSignal-iOS-SDK";
			requirement = {
				kind = upToNextMajorVersion;
				minimumVersion = 2.16.1;
			};
		};
/* End XCRemoteSwiftPackageReference section */

/* Begin XCSwiftPackageProductDependency section */
		94783DCC257A998000940CC9 /* OneSignal */ = {
			isa = XCSwiftPackageProductDependency;
			package = 94783DCB257A998000940CC9 /* XCRemoteSwiftPackageReference "OneSignal-iOS-SDK" */;
			productName = OneSignal;
		};
		94783E08257AA7CD00940CC9 /* OneSignal */ = {
			isa = XCSwiftPackageProductDependency;
			package = 94783DCB257A998000940CC9 /* XCRemoteSwiftPackageReference "OneSignal-iOS-SDK" */;
			productName = OneSignal;
		};
/* End XCSwiftPackageProductDependency section */
	};
	rootObject = 943B6ED5233D56EC0039A404 /* Project object */;
}
